
Microsoft Visual Studio Solution File, Format Version 12.00
# Visual Studio 15
VisualStudioVersion = 15.0.27703.2000
MinimumVisualStudioVersion = 10.0.40219.1
Project("{FAE04EC0-301F-11D3-BF4B-00C04F79EFBC}") = "glyph2", "glyph2\glyph2.csproj", "{5CA11702-560E-4D6C-8D07-D1E57D98F01A}"
EndProject
Global
	GlobalSection(SolutionConfigurationPlatforms) = preSolution
		Debug|Any CPU = Debug|Any CPU
		Release|Any CPU = Release|Any CPU
	EndGlobalSection
	GlobalSection(ProjectConfigurationPlatforms) = postSolution
		{5CA11702-560E-4D6C-8D07-D1E57D98F01A}.Debug|Any CPU.ActiveCfg = Debug|Any CPU
		{5CA11702-560E-4D6C-8D07-D1E57D98F01A}.Debug|Any CPU.Build.0 = Debug|Any CPU
		{5CA11702-560E-4D6C-8D07-D1E57D98F01A}.Release|Any CPU.ActiveCfg = Release|Any CPU
		{5CA11702-560E-4D6C-8D07-D1E57D98F01A}.Release|Any CPU.Build.0 = Release|Any CPU
	EndGlobalSection
	GlobalSection(SolutionProperties) = preSolution
		HideSolutionNode = FALSE
	EndGlobalSection
	GlobalSection(ExtensibilityGlobals) = postSolution
		SolutionGuid = {16F62220-EE12-4C47-B0E4-CC35BAF64360}
	EndGlobalSection
EndGlobal
